{
  "lockfile_version": "1",
  "packages": {
    "asdf-vm@latest": {
      "last_modified": "2024-07-07T07:43:47Z",
      "resolved": "github:NixOS/nixpkgs/b60793b86201040d9dee019a05089a9150d08b5b#asdf-vm",
      "source": "devbox-search",
      "version": "0.14.0",
      "systems": {
        "aarch64-darwin": {
          "outputs": [
            {
              "name": "out",
              "path": "/nix/store/qd51dw75gj93xv7m36jcd4j0w1962s5n-asdf-vm-0.14.0",
              "default": true
            }
          ],
          "store_path": "/nix/store/qd51dw75gj93xv7m36jcd4j0w1962s5n-asdf-vm-0.14.0"
        },
        "aarch64-linux": {
          "outputs": [
            {
              "name": "out",
              "path": "/nix/store/gmsd8r4s35xj1v6yqsqgd8j0rd9jsyzy-asdf-vm-0.14.0",
              "default": true
            }
          ],
          "store_path": "/nix/store/gmsd8r4s35xj1v6yqsqgd8j0rd9jsyzy-asdf-vm-0.14.0"
        },
        "x86_64-darwin": {
          "outputs": [
            {
              "name": "out",
              "path": "/nix/store/439h7y8ig6zzrkdihv5m51knay9kir17-asdf-vm-0.14.0",
              "default": true
            }
          ],
          "store_path": "/nix/store/439h7y8ig6zzrkdihv5m51knay9kir17-asdf-vm-0.14.0"
        },
        "x86_64-linux": {
          "outputs": [
            {
              "name": "out",
              "path": "/nix/store/r7j7av1sn4y5wgchcyspx91lli1z4dn0-asdf-vm-0.14.0",
              "default": true
            }
          ],
          "store_path": "/nix/store/r7j7av1sn4y5wgchcyspx91lli1z4dn0-asdf-vm-0.14.0"
        }
      }
    },
    "gh@latest": {
      "last_modified": "2024-07-07T07:43:47Z",
      "resolved": "github:NixOS/nixpkgs/b60793b86201040d9dee019a05089a9150d08b5b#gh",
      "source": "devbox-search",
      "version": "2.52.0",
      "systems": {
        "aarch64-darwin": {
          "outputs": [
            {
              "name": "out",
              "path": "/nix/store/zm5a4xn15xgnviyrhpirb77n1jdacbr7-gh-2.52.0",
              "default": true
            }
          ],
          "store_path": "/nix/store/zm5a4xn15xgnviyrhpirb77n1jdacbr7-gh-2.52.0"
        },
        "aarch64-linux": {
          "outputs": [
            {
              "name": "out",
              "path": "/nix/store/q9grlwxmd0wk0wj8x4qc7yfa9ry49q5w-gh-2.52.0",
              "default": true
            }
          ],
          "store_path": "/nix/store/q9grlwxmd0wk0wj8x4qc7yfa9ry49q5w-gh-2.52.0"
        },
        "x86_64-darwin": {
          "outputs": [
            {
              "name": "out",
              "path": "/nix/store/b66yiz3scn45by9svl3mnxghk0pxdicn-gh-2.52.0",
              "default": true
            }
          ],
          "store_path": "/nix/store/b66yiz3scn45by9svl3mnxghk0pxdicn-gh-2.52.0"
        },
        "x86_64-linux": {
          "outputs": [
            {
              "name": "out",
              "path": "/nix/store/ffr9qyck48hbq5i25zhrmz54s6kqi45v-gh-2.52.0",
              "default": true
            }
          ],
          "store_path": "/nix/store/ffr9qyck48hbq5i25zhrmz54s6kqi45v-gh-2.52.0"
        }
      }
    },
    "git@latest": {
      "last_modified": "2024-07-07T07:43:47Z",
      "resolved": "github:NixOS/nixpkgs/b60793b86201040d9dee019a05089a9150d08b5b#git",
      "source": "devbox-search",
      "version": "2.45.2",
      "systems": {
        "aarch64-darwin": {
          "outputs": [
            {
              "name": "out",
              "path": "/nix/store/wmyy7p5ss80v4wb2hmscnxmrfr368whf-git-2.45.2",
              "default": true
            },
            {
              "name": "doc",
              "path": "/nix/store/vf5a09daljy98hds4c87s6fyqykvk8l2-git-2.45.2-doc"
            }
          ],
          "store_path": "/nix/store/wmyy7p5ss80v4wb2hmscnxmrfr368whf-git-2.45.2"
        },
        "aarch64-linux": {
          "outputs": [
            {
              "name": "out",
              "path": "/nix/store/1kar0gc7pfaq2kbrribq6r8rqj2qx5yy-git-2.45.2",
              "default": true
            },
            {
              "name": "debug",
              "path": "/nix/store/rlcznd3f4khg0p1k5bb6rd7pid92npc8-git-2.45.2-debug"
            },
            {
              "name": "doc",
              "path": "/nix/store/dr4ymv1nnyylcvf2pc0x9a0g6xgm74b9-git-2.45.2-doc"
            }
          ],
          "store_path": "/nix/store/1kar0gc7pfaq2kbrribq6r8rqj2qx5yy-git-2.45.2"
        },
        "x86_64-darwin": {
          "outputs": [
            {
              "name": "out",
              "path": "/nix/store/5j735q46i4rfs6qzkrfdlz7sjz9gbss2-git-2.45.2",
              "default": true
            },
            {
              "name": "doc",
              "path": "/nix/store/qyg94b3ngx8n6xq97k1hhmv2hvnmgf44-git-2.45.2-doc"
            }
          ],
          "store_path": "/nix/store/5j735q46i4rfs6qzkrfdlz7sjz9gbss2-git-2.45.2"
        },
        "x86_64-linux": {
          "outputs": [
            {
              "name": "out",
              "path": "/nix/store/ln3rnyn8yklr8j21a9i6s0s501lhdii6-git-2.45.2",
              "default": true
            },
            {
              "name": "debug",
              "path": "/nix/store/sir55fajrmsv6zwjx31rip93yz1x0mjy-git-2.45.2-debug"
            },
            {
              "name": "doc",
              "path": "/nix/store/iw4nz88jqklmjz5wr8dzxwdlswhr2rgi-git-2.45.2-doc"
            }
          ],
          "store_path": "/nix/store/ln3rnyn8yklr8j21a9i6s0s501lhdii6-git-2.45.2"
        }
      }
    },
    "go-task@latest": {
      "last_modified": "2024-07-12T10:50:49Z",
      "resolved": "github:NixOS/nixpkgs/8b5a3d5a1d951344d683b442c0739010b80039db#go-task",
      "source": "devbox-search",
      "version": "3.38.0",
      "systems": {
        "aarch64-darwin": {
          "outputs": [
            {
              "name": "out",
              "path": "/nix/store/4clgrxd19h07x7sy45fb5mj3qkshmvy1-go-task-3.38.0",
              "default": true
            }
          ],
          "store_path": "/nix/store/4clgrxd19h07x7sy45fb5mj3qkshmvy1-go-task-3.38.0"
        },
        "aarch64-linux": {
          "outputs": [
            {
              "name": "out",
              "path": "/nix/store/0icfyvbmfwnbfw1v9s5gv7l6fl1mc5g8-go-task-3.38.0",
              "default": true
            }
          ],
          "store_path": "/nix/store/0icfyvbmfwnbfw1v9s5gv7l6fl1mc5g8-go-task-3.38.0"
        },
        "x86_64-darwin": {
          "outputs": [
            {
              "name": "out",
              "path": "/nix/store/dw1h8gzlpsq0yxhvbi8fmks2j4sbljni-go-task-3.38.0",
              "default": true
            }
          ],
          "store_path": "/nix/store/dw1h8gzlpsq0yxhvbi8fmks2j4sbljni-go-task-3.38.0"
        },
        "x86_64-linux": {
          "outputs": [
            {
              "name": "out",
              "path": "/nix/store/6yg91y9vy4i0lxx24vn8f4gwp1vkiz1r-go-task-3.38.0",
              "default": true
            }
          ],
          "store_path": "/nix/store/6yg91y9vy4i0lxx24vn8f4gwp1vkiz1r-go-task-3.38.0"
        }
      }
    },
    "jq@latest": {
      "last_modified": "2024-07-11T08:49:09Z",
      "resolved": "github:NixOS/nixpkgs/6af55cb91ca2005516b9562f707bb99c8f79bf77#jq",
      "source": "devbox-search",
      "version": "1.7.1",
      "systems": {
        "aarch64-darwin": {
          "outputs": [
            {
              "name": "bin",
              "path": "/nix/store/5dsicv93i37c4rqr08r1zdj8dwpa63nj-jq-1.7.1-bin",
              "default": true
            },
            {
              "name": "man",
              "path": "/nix/store/jf3cf8rxhpc6l40sjcksarfk9nvnpmrw-jq-1.7.1-man",
              "default": true
            },
            {
              "name": "dev",
              "path": "/nix/store/6ad6jxsm7478f0x8rq8rrdc4han7s80j-jq-1.7.1-dev"
            },
            {
              "name": "doc",
              "path": "/nix/store/bll94fwkzpm5sklfwj70848amgrjkrn0-jq-1.7.1-doc"
            },
            {
              "name": "lib",
              "path": "/nix/store/wisxfshfsm2cg4raffilv38cgiqrlw45-jq-1.7.1-lib"
            },
            {
              "name": "out",
              "path": "/nix/store/5mzkysyi9h4bim5plq6d85zqiv3nb3bi-jq-1.7.1"
            }
          ],
          "store_path": "/nix/store/5dsicv93i37c4rqr08r1zdj8dwpa63nj-jq-1.7.1-bin"
        },
        "aarch64-linux": {
          "outputs": [
            {
              "name": "bin",
              "path": "/nix/store/9bm6a5hr2036bp03n7mvcj8qb7z6mcr0-jq-1.7.1-bin",
              "default": true
            },
            {
              "name": "man",
              "path": "/nix/store/hqck6h5n2av24gvs8fbq566v03fcmw17-jq-1.7.1-man",
              "default": true
            },
            {
              "name": "out",
              "path": "/nix/store/0sh7a753nby7r3849sz8gy4cbnkd45i4-jq-1.7.1"
            },
            {
              "name": "dev",
              "path": "/nix/store/h0v2snl3jji71maplpiyjnb4xblgf428-jq-1.7.1-dev"
            },
            {
              "name": "doc",
              "path": "/nix/store/w74r4zi5cy74qmmzziq0vkp5lr0vg95i-jq-1.7.1-doc"
            },
            {
              "name": "lib",
              "path": "/nix/store/gnansglnqy5s2yiy4p9nf07iid8y6hl1-jq-1.7.1-lib"
            }
          ],
          "store_path": "/nix/store/9bm6a5hr2036bp03n7mvcj8qb7z6mcr0-jq-1.7.1-bin"
        },
        "x86_64-darwin": {
          "outputs": [
            {
              "name": "bin",
              "path": "/nix/store/bcyvwrb0hl85gckd2f3rfl1ih69r5pwz-jq-1.7.1-bin",
              "default": true
            },
            {
              "name": "man",
              "path": "/nix/store/arsqld8fq5sg7lsy39g12xr1dim25afw-jq-1.7.1-man",
              "default": true
            },
            {
              "name": "lib",
              "path": "/nix/store/8pw8540dyhqc5mbmd2bd7ah2lxaaa01j-jq-1.7.1-lib"
            },
            {
              "name": "out",
              "path": "/nix/store/gbp8xd6x3cj7d1yd7cslnrfbjxvqzdls-jq-1.7.1"
            },
            {
              "name": "dev",
              "path": "/nix/store/q1bqzh7ngrskmdcswx5i9fvxnl24qiaq-jq-1.7.1-dev"
            },
            {
              "name": "doc",
              "path": "/nix/store/mh4hdlh3qhbbq991rk5ab3903fai0nkc-jq-1.7.1-doc"
            }
          ],
          "store_path": "/nix/store/bcyvwrb0hl85gckd2f3rfl1ih69r5pwz-jq-1.7.1-bin"
        },
        "x86_64-linux": {
          "outputs": [
            {
              "name": "bin",
              "path": "/nix/store/axpqa3f5l63mc38h11x1gc5cykw8bn5i-jq-1.7.1-bin",
              "default": true
            },
            {
              "name": "man",
              "path": "/nix/store/wfmw87vqkz2xifc9sb0gvnad1l73qk6v-jq-1.7.1-man",
              "default": true
            },
            {
              "name": "out",
              "path": "/nix/store/iw31k4crvrhmgykdxy0dyz632h2jhzkz-jq-1.7.1"
            },
            {
              "name": "dev",
              "path": "/nix/store/nnawicd7asp8mn0gsp8j0gxd81y1jasr-jq-1.7.1-dev"
            },
            {
              "name": "doc",
              "path": "/nix/store/7nx4qp08rd6f92iw377lzrvdhpzslrvy-jq-1.7.1-doc"
            },
            {
              "name": "lib",
              "path": "/nix/store/133fxjd0mqf8x720c2a8cp9175ma0n9x-jq-1.7.1-lib"
            }
          ],
          "store_path": "/nix/store/axpqa3f5l63mc38h11x1gc5cykw8bn5i-jq-1.7.1-bin"
        }
      }
    },
    "libiconv@latest": {
      "last_modified": "2024-07-07T07:43:47Z",
      "resolved": "github:NixOS/nixpkgs/b60793b86201040d9dee019a05089a9150d08b5b#libiconv",
      "source": "devbox-search",
      "version": "99",
      "systems": {
        "aarch64-darwin": {
          "outputs": [
            {
              "name": "out",
              "path": "/nix/store/pb4vbsfgdik0qizna8vrdzk0jv746rgy-libiconv-99",
              "default": true
            },
            {
              "name": "dev",
              "path": "/nix/store/ddlxlq7cmqp2kpxi7wcskmk2d2ygn8d6-libiconv-99-dev"
            }
          ],
          "store_path": "/nix/store/pb4vbsfgdik0qizna8vrdzk0jv746rgy-libiconv-99"
        },
        "x86_64-darwin": {
          "outputs": [
            {
              "name": "out",
              "path": "/nix/store/nx4wk3zf054hldhq41q9iy0dqigqfhq0-libiconv-99",
              "default": true
            },
            {
              "name": "dev",
              "path": "/nix/store/b5q63ha9kv645npscj40slr90pbzsd96-libiconv-99-dev"
            }
          ],
          "store_path": "/nix/store/nx4wk3zf054hldhq41q9iy0dqigqfhq0-libiconv-99"
        }
      }
    },
    "openssl@latest": {
      "last_modified": "2024-07-14T11:03:58Z",
      "resolved": "github:NixOS/nixpkgs/aa247c0c90ecf4ae7a032c54fdc21b91ca274062#openssl",
      "source": "devbox-search",
      "version": "3.0.14",
      "systems": {
        "aarch64-darwin": {
          "outputs": [
            {
              "name": "bin",
              "path": "/nix/store/a8n5gngrqgalv42a4dj4cfvjzdnxm4ir-openssl-3.0.14-bin",
              "default": true
            },
            {
              "name": "man",
              "path": "/nix/store/mxbdpiw2aiwwqr4nagrfx784fz10c2rq-openssl-3.0.14-man",
              "default": true
            },
            {
              "name": "out",
              "path": "/nix/store/v8asmv9z7diqqfj8x8qcja73bqyklvaj-openssl-3.0.14"
            },
            {
              "name": "dev",
              "path": "/nix/store/7fwcz4y37jj6ms17yj9hwqbmhzjaxhj9-openssl-3.0.14-dev"
            },
            {
              "name": "doc",
              "path": "/nix/store/52r0kgi0j84maf347mjjh158srqan2b1-openssl-3.0.14-doc"
            }
          ],
          "store_path": "/nix/store/a8n5gngrqgalv42a4dj4cfvjzdnxm4ir-openssl-3.0.14-bin"
        },
        "aarch64-linux": {
          "outputs": [
            {
              "name": "bin",
              "path": "/nix/store/14rhbwlby3i656s1ym2dfx3p0zmhjvaz-openssl-3.0.14-bin",
              "default": true
            },
            {
              "name": "man",
              "path": "/nix/store/z3m8x476ajsnlyzw6v8mpplmkyiq0cfy-openssl-3.0.14-man",
              "default": true
            },
            {
              "name": "dev",
              "path": "/nix/store/46v6p7i5202q5sxr790609a97f5zfxp8-openssl-3.0.14-dev"
            },
            {
              "name": "doc",
              "path": "/nix/store/lsrcxq3fh1lnwa78lcgii9qk3f25wlif-openssl-3.0.14-doc"
            },
            {
              "name": "out",
              "path": "/nix/store/ksvhi1mad9g0gnkw065c40dhw4ajx1kq-openssl-3.0.14"
            },
            {
              "name": "debug",
              "path": "/nix/store/r7imjgjm88pgyhbv180ll5vrh5a627jz-openssl-3.0.14-debug"
            }
          ],
          "store_path": "/nix/store/14rhbwlby3i656s1ym2dfx3p0zmhjvaz-openssl-3.0.14-bin"
        },
        "x86_64-darwin": {
          "outputs": [
            {
              "name": "bin",
              "path": "/nix/store/mg931ddpb31qrwhyfd4agj9x0plcps8a-openssl-3.0.14-bin",
              "default": true
            },
            {
              "name": "man",
              "path": "/nix/store/cazz5x8jnx9s2dh28y0ivwnbzwwj49ys-openssl-3.0.14-man",
              "default": true
            },
            {
              "name": "out",
              "path": "/nix/store/my6mx7wia27hsz1syj5islaysdndn0nx-openssl-3.0.14"
            },
            {
              "name": "dev",
              "path": "/nix/store/xh1plxvqh8b1zqnwhi6zf7nxskmj3v57-openssl-3.0.14-dev"
            },
            {
              "name": "doc",
              "path": "/nix/store/0463xcyky1jgj6l3qmy27a1a6m7j0wjl-openssl-3.0.14-doc"
            }
          ],
          "store_path": "/nix/store/mg931ddpb31qrwhyfd4agj9x0plcps8a-openssl-3.0.14-bin"
        },
        "x86_64-linux": {
          "outputs": [
            {
              "name": "bin",
              "path": "/nix/store/ppfzl2wqzs7ljfj0dxypcvrhr9x6ka3f-openssl-3.0.14-bin",
              "default": true
            },
            {
              "name": "man",
              "path": "/nix/store/jj233vb30i2ip0sh66gjwnaiwhc922sc-openssl-3.0.14-man",
              "default": true
            },
            {
              "name": "doc",
              "path": "/nix/store/wd0mnx1vhf5qg99329fsh4sfmzg49bs3-openssl-3.0.14-doc"
            },
            {
              "name": "out",
              "path": "/nix/store/jv2p6cmx23ihj5y4r98wnn2nmv4qhfh5-openssl-3.0.14"
            },
            {
              "name": "debug",
              "path": "/nix/store/zljr676hsm18fm9kgwimlgd2f3bvfd2c-openssl-3.0.14-debug"
            },
            {
              "name": "dev",
              "path": "/nix/store/dp6821c0s4bbmmws3lc6nicz09lnjlgl-openssl-3.0.14-dev"
            }
          ],
          "store_path": "/nix/store/ppfzl2wqzs7ljfj0dxypcvrhr9x6ka3f-openssl-3.0.14-bin"
        }
      }
    },
    "python312Packages.pip@latest": {
      "last_modified": "2024-07-07T07:43:47Z",
      "plugin_version": "0.0.2",
      "resolved": "github:NixOS/nixpkgs/b60793b86201040d9dee019a05089a9150d08b5b#python312Packages.pip",
      "source": "devbox-search",
      "version": "24.0",
      "systems": {
        "aarch64-darwin": {
          "outputs": [
            {
              "name": "out",
              "path": "/nix/store/2p2wyydd5m787ms85fcic1ap7ql2j2gs-python3.12-pip-24.0",
              "default": true
            },
            {
              "name": "man",
              "path": "/nix/store/pad6sdd500ikddhym5p2h3krblbazs6k-python3.12-pip-24.0-man",
              "default": true
            },
            {
              "name": "dist",
              "path": "/nix/store/6wpcdjrk6wj95wb2v7q5zm06cmj9w1c7-python3.12-pip-24.0-dist"
            }
          ],
          "store_path": "/nix/store/2p2wyydd5m787ms85fcic1ap7ql2j2gs-python3.12-pip-24.0"
        },
        "aarch64-linux": {
          "outputs": [
            {
              "name": "out",
              "path": "/nix/store/3m2j8ydrz8rj42aramlvh7hkc15izm52-python3.12-pip-24.0",
              "default": true
            },
            {
              "name": "man",
              "path": "/nix/store/z3lq18q7slp92q7wgqm34s7v4vg222hw-python3.12-pip-24.0-man",
              "default": true
            },
            {
              "name": "dist",
              "path": "/nix/store/y49wc2lcia8ji5sa9szc7b6gk7mr2mhi-python3.12-pip-24.0-dist"
            }
          ],
          "store_path": "/nix/store/3m2j8ydrz8rj42aramlvh7hkc15izm52-python3.12-pip-24.0"
        },
        "x86_64-darwin": {
          "outputs": [
            {
              "name": "out",
              "path": "/nix/store/rh3z88c38c9xn52rdkp1swxy0rml3bjv-python3.12-pip-24.0",
              "default": true
            },
            {
              "name": "man",
              "path": "/nix/store/j9csjm7dq29qpyvwnv48fslqm0b6dwzi-python3.12-pip-24.0-man",
              "default": true
            },
            {
              "name": "dist",
              "path": "/nix/store/rp5mhjjjll87pa7lmdad5b01wgz8qa91-python3.12-pip-24.0-dist"
            }
          ],
          "store_path": "/nix/store/rh3z88c38c9xn52rdkp1swxy0rml3bjv-python3.12-pip-24.0"
        },
        "x86_64-linux": {
          "outputs": [
            {
              "name": "out",
              "path": "/nix/store/9gd8kj409msfv599456ywbyi97izlbr4-python3.12-pip-24.0",
              "default": true
            },
            {
              "name": "man",
              "path": "/nix/store/57hvcf28az2fx50z6kx3w6ijl0yazy4z-python3.12-pip-24.0-man",
              "default": true
            },
            {
              "name": "dist",
              "path": "/nix/store/0x4s6vyfivk6fck7lp1dwrg79gp0nvmg-python3.12-pip-24.0-dist"
            }
          ],
          "store_path": "/nix/store/9gd8kj409msfv599456ywbyi97izlbr4-python3.12-pip-24.0"
        }
      }
    },
    "python@3.12.4": {
      "last_modified": "2024-07-07T07:43:47Z",
      "plugin_version": "0.0.3",
      "resolved": "github:NixOS/nixpkgs/b60793b86201040d9dee019a05089a9150d08b5b#python3",
      "source": "devbox-search",
      "version": "3.12.4",
      "systems": {
        "aarch64-darwin": {
          "outputs": [
            {
              "name": "out",
              "path": "/nix/store/3swy1vadi125g0c1vxqp8ykdr749803j-python3-3.12.4",
              "default": true
            }
          ],
          "store_path": "/nix/store/3swy1vadi125g0c1vxqp8ykdr749803j-python3-3.12.4"
        },
        "aarch64-linux": {
          "outputs": [
            {
              "name": "out",
              "path": "/nix/store/sz2facg15yq3ziqkidb1dkkglwzkkg8a-python3-3.12.4",
              "default": true
            },
            {
              "name": "debug",
              "path": "/nix/store/19vjjqg7jbfblqapf63nm9ich1xdq9dx-python3-3.12.4-debug"
            }
          ],
          "store_path": "/nix/store/sz2facg15yq3ziqkidb1dkkglwzkkg8a-python3-3.12.4"
        },
        "x86_64-darwin": {
          "outputs": [
            {
              "name": "out",
              "path": "/nix/store/3y5wy1i9nq5293knm23mxsj5l6w41h2l-python3-3.12.4",
              "default": true
            }
          ],
          "store_path": "/nix/store/3y5wy1i9nq5293knm23mxsj5l6w41h2l-python3-3.12.4"
        },
        "x86_64-linux": {
          "outputs": [
            {
              "name": "out",
              "path": "/nix/store/z7xxy35k7620hs6fn6la5fg2lgklv72l-python3-3.12.4",
              "default": true
            },
            {
              "name": "debug",
              "path": "/nix/store/3x6jqv5yw212v8rlwql88cn94dginq32-python3-3.12.4-debug"
            }
          ],
          "store_path": "/nix/store/z7xxy35k7620hs6fn6la5fg2lgklv72l-python3-3.12.4"
        }
      }
    },
    "rustup@latest": {
      "last_modified": "2024-07-07T07:43:47Z",
      "plugin_version": "0.0.1",
      "resolved": "github:NixOS/nixpkgs/b60793b86201040d9dee019a05089a9150d08b5b#rustup",
      "source": "devbox-search",
      "version": "1.26.0",
      "systems": {
        "aarch64-darwin": {
          "outputs": [
            {
              "name": "out",
              "path": "/nix/store/9fcngl4lj7lakajafyfpwddigy5x7xz3-rustup-1.26.0",
              "default": true
            }
          ],
          "store_path": "/nix/store/9fcngl4lj7lakajafyfpwddigy5x7xz3-rustup-1.26.0"
        },
        "aarch64-linux": {
          "outputs": [
            {
              "name": "out",
              "path": "/nix/store/9zp7146714iwf140fapdi0mgb86yds92-rustup-1.26.0",
              "default": true
            }
          ],
          "store_path": "/nix/store/9zp7146714iwf140fapdi0mgb86yds92-rustup-1.26.0"
        },
        "x86_64-darwin": {
          "outputs": [
            {
              "name": "out",
              "path": "/nix/store/vj2nv91k8wpk63iyjk93y1b7fflmbjm9-rustup-1.26.0",
              "default": true
            }
          ],
          "store_path": "/nix/store/vj2nv91k8wpk63iyjk93y1b7fflmbjm9-rustup-1.26.0"
        },
        "x86_64-linux": {
          "outputs": [
            {
              "name": "out",
              "path": "/nix/store/crphpnlzwspccbflgfakqm45hfxw1sdx-rustup-1.26.0",
              "default": true
            }
          ],
          "store_path": "/nix/store/crphpnlzwspccbflgfakqm45hfxw1sdx-rustup-1.26.0"
        }
      }
    },
    "uv@latest": {
      "last_modified": "2024-07-08T12:07:05Z",
      "resolved": "github:NixOS/nixpkgs/2e45bfd5361ccdbebe45b68ae2021aea0078eb00#uv",
      "source": "devbox-search",
      "version": "0.2.22",
      "systems": {
        "aarch64-darwin": {
          "outputs": [
            {
              "name": "out",
              "path": "/nix/store/jx9kfdi1mc17w7g6qry5c3firp0qm9l2-uv-0.2.22",
              "default": true
            },
            {
              "name": "dist",
              "path": "/nix/store/4p52iz36myqk23v8b8d5nvqq82c8c7r5-uv-0.2.22-dist"
            }
          ],
          "store_path": "/nix/store/jx9kfdi1mc17w7g6qry5c3firp0qm9l2-uv-0.2.22"
        },
        "aarch64-linux": {
          "outputs": [
            {
              "name": "out",
              "path": "/nix/store/nb2r9yj6695x940pm8jqlm0ckmi1nczz-uv-0.2.22",
              "default": true
            },
            {
              "name": "dist",
              "path": "/nix/store/66fc65asbf1ijwi83cp2gww1yjfhjka2-uv-0.2.22-dist"
            }
          ],
          "store_path": "/nix/store/nb2r9yj6695x940pm8jqlm0ckmi1nczz-uv-0.2.22"
        },
        "x86_64-darwin": {
          "outputs": [
            {
              "name": "out",
              "path": "/nix/store/jc21qghibdbx632ijj6ywap487rq4ybd-uv-0.2.22",
              "default": true
            },
            {
              "name": "dist",
              "path": "/nix/store/23775vnqfwr4cgz89s5b6jp69q091xib-uv-0.2.22-dist"
            }
          ],
          "store_path": "/nix/store/jc21qghibdbx632ijj6ywap487rq4ybd-uv-0.2.22"
        },
        "x86_64-linux": {
          "outputs": [
            {
              "name": "out",
              "path": "/nix/store/59z395wn7mkmhyh4f35d5g32qh68fwzr-uv-0.2.22",
              "default": true
            },
            {
              "name": "dist",
              "path": "/nix/store/ql27paxg3bxkm2dh21j0qplrhjflz0zm-uv-0.2.22-dist"
            }
          ],
          "store_path": "/nix/store/59z395wn7mkmhyh4f35d5g32qh68fwzr-uv-0.2.22"
        }
      }
    }
  }
}
